
Microsoft Visual Studio Solution File, Format Version 12.00
# Visual Studio Version 17
VisualStudioVersion = 17.9.34728.123
MinimumVisualStudioVersion = 10.0.40219.1
Project("{9A19103F-16F7-4668-BE54-9A1E7A4F7556}") = "YeosuQoL", "Source\YeosuQoL.csproj", "{A59E408B-A6E3-4C95-9DF0-000000000001}"
EndProject
Global
	GlobalSection(SolutionConfigurationPlatforms) = preSolution
		Debug|Any CPU = Debug|Any CPU
		Release|Any CPU = Release|Any CPU
	EndGlobalSection
	GlobalSection(ProjectConfigurationPlatforms) = postSolution
		{A59E408B-A6E3-4C95-9DF0-000000000001}.Debug|Any CPU.ActiveCfg = Debug|Any CPU
		{A59E408B-A6E3-4C95-9DF0-000000000001}.Debug|Any CPU.Build.0 = Debug|Any CPU
		{A59E408B-A6E3-4C95-9DF0-000000000001}.Release|Any CPU.ActiveCfg = Release|Any CPU
		{A59E408B-A6E3-4C95-9DF0-000000000001}.Release|Any CPU.Build.0 = Release|Any CPU
	EndGlobalSection
	GlobalSection(SolutionProperties) = preSolution
		HideSolutionNode = FALSE
	EndGlobalSection
	GlobalSection(ExtensibilityGlobals) = postSolution
		SolutionGuid = {F47A92DB-AF18-4AF1-8F34-1321AC1DC68E}
	EndGlobalSection
EndGlobal
